// !$*UTF8*$!
{
	archiveVersion = 1;
	classes = {
	};
	objectVersion = 56;
	objects = {

/* Begin PBXBuildFile section */
		DF7A15052B6F01DF007D6C1A /* String+Extension.swift in Sources */ = {isa = PBXBuildFile; fileRef = DF7A15042B6F01DF007D6C1A /* String+Extension.swift */; };
		DFEF1A4B2B6EB57D00A5A843 /* AppDelegate.swift in Sources */ = {isa = PBXBuildFile; fileRef = DFEF1A4A2B6EB57D00A5A843 /* AppDelegate.swift */; };
		DFEF1A4D2B6EB57D00A5A843 /* SceneDelegate.swift in Sources */ = {isa = PBXBuildFile; fileRef = DFEF1A4C2B6EB57D00A5A843 /* SceneDelegate.swift */; };
		DFEF1A4F2B6EB57D00A5A843 /* WeatherViewController.swift in Sources */ = {isa = PBXBuildFile; fileRef = DFEF1A4E2B6EB57D00A5A843 /* WeatherViewController.swift */; };
		DFEF1A522B6EB57D00A5A843 /* Main.storyboard in Resources */ = {isa = PBXBuildFile; fileRef = DFEF1A502B6EB57D00A5A843 /* Main.storyboard */; };
		DFEF1A542B6EB58000A5A843 /* Assets.xcassets in Resources */ = {isa = PBXBuildFile; fileRef = DFEF1A532B6EB58000A5A843 /* Assets.xcassets */; };
		DFEF1A572B6EB58000A5A843 /* LaunchScreen.storyboard in Resources */ = {isa = PBXBuildFile; fileRef = DFEF1A552B6EB58000A5A843 /* LaunchScreen.storyboard */; };
		DFEF1A642B6EBB8C00A5A843 /* WeatherData.swift in Sources */ = {isa = PBXBuildFile; fileRef = DFEF1A632B6EBB8C00A5A843 /* WeatherData.swift */; };
		DFEF1A662B6EBBA600A5A843 /* WeatherService.swift in Sources */ = {isa = PBXBuildFile; fileRef = DFEF1A652B6EBBA600A5A843 /* WeatherService.swift */; };
		DFEF1A6A2B6ED7F400A5A843 /* WeatherReusableView.xib in Resources */ = {isa = PBXBuildFile; fileRef = DFEF1A692B6ED7F400A5A843 /* WeatherReusableView.xib */; };
		DFEF1A6C2B6ED82200A5A843 /* WeatherReusableView.swift in Sources */ = {isa = PBXBuildFile; fileRef = DFEF1A6B2B6ED82200A5A843 /* WeatherReusableView.swift */; };
		DFEF1A6E2B6ED8C200A5A843 /* UIView+Extension.swift in Sources */ = {isa = PBXBuildFile; fileRef = DFEF1A6D2B6ED8C200A5A843 /* UIView+Extension.swift */; };
/* End PBXBuildFile section */

/* Begin PBXFileReference section */
		DF7A15042B6F01DF007D6C1A /* String+Extension.swift */ = {isa = PBXFileReference; lastKnownFileType = sourcecode.swift; path = "String+Extension.swift"; sourceTree = "<group>"; };
		DFEF1A472B6EB57D00A5A843 /* WeatherAssignmentApp.app */ = {isa = PBXFileReference; explicitFileType = wrapper.application; includeInIndex = 0; path = WeatherAssignmentApp.app; sourceTree = BUILT_PRODUCTS_DIR; };
		DFEF1A4A2B6EB57D00A5A843 /* AppDelegate.swift */ = {isa = PBXFileReference; lastKnownFileType = sourcecode.swift; path = AppDelegate.swift; sourceTree = "<group>"; };
		DFEF1A4C2B6EB57D00A5A843 /* SceneDelegate.swift */ = {isa = PBXFileReference; lastKnownFileType = sourcecode.swift; path = SceneDelegate.swift; sourceTree = "<group>"; };
		DFEF1A4E2B6EB57D00A5A843 /* WeatherViewController.swift */ = {isa = PBXFileReference; lastKnownFileType = sourcecode.swift; path = WeatherViewController.swift; sourceTree = "<group>"; };
		DFEF1A512B6EB57D00A5A843 /* Base */ = {isa = PBXFileReference; lastKnownFileType = file.storyboard; name = Base; path = Base.lproj/Main.storyboard; sourceTree = "<group>"; };
		DFEF1A532B6EB58000A5A843 /* Assets.xcassets */ = {isa = PBXFileReference; lastKnownFileType = folder.assetcatalog; path = Assets.xcassets; sourceTree = "<group>"; };
		DFEF1A562B6EB58000A5A843 /* Base */ = {isa = PBXFileReference; lastKnownFileType = file.storyboard; name = Base; path = Base.lproj/LaunchScreen.storyboard; sourceTree = "<group>"; };
		DFEF1A582B6EB58000A5A843 /* Info.plist */ = {isa = PBXFileReference; lastKnownFileType = text.plist.xml; path = Info.plist; sourceTree = "<group>"; };
		DFEF1A632B6EBB8C00A5A843 /* WeatherData.swift */ = {isa = PBXFileReference; lastKnownFileType = sourcecode.swift; path = WeatherData.swift; sourceTree = "<group>"; };
		DFEF1A652B6EBBA600A5A843 /* WeatherService.swift */ = {isa = PBXFileReference; lastKnownFileType = sourcecode.swift; path = WeatherService.swift; sourceTree = "<group>"; };
		DFEF1A692B6ED7F400A5A843 /* WeatherReusableView.xib */ = {isa = PBXFileReference; lastKnownFileType = file.xib; path = WeatherReusableView.xib; sourceTree = "<group>"; };
		DFEF1A6B2B6ED82200A5A843 /* WeatherReusableView.swift */ = {isa = PBXFileReference; lastKnownFileType = sourcecode.swift; path = WeatherReusableView.swift; sourceTree = "<group>"; };
		DFEF1A6D2B6ED8C200A5A843 /* UIView+Extension.swift */ = {isa = PBXFileReference; lastKnownFileType = sourcecode.swift; path = "UIView+Extension.swift"; sourceTree = "<group>"; };
/* End PBXFileReference section */

/* Begin PBXFrameworksBuildPhase section */
		DFEF1A442B6EB57D00A5A843 /* Frameworks */ = {
			isa = PBXFrameworksBuildPhase;
			buildActionMask = 2147483647;
			files = (
			);
			runOnlyForDeploymentPostprocessing = 0;
		};
/* End PBXFrameworksBuildPhase section */

/* Begin PBXGroup section */
		DFEF1A3E2B6EB57D00A5A843 = {
			isa = PBXGroup;
			children = (
				DFEF1A492B6EB57D00A5A843 /* WeatherAssignmentApp */,
				DFEF1A482B6EB57D00A5A843 /* Products */,
			);
			sourceTree = "<group>";
		};
		DFEF1A482B6EB57D00A5A843 /* Products */ = {
			isa = PBXGroup;
			children = (
				DFEF1A472B6EB57D00A5A843 /* WeatherAssignmentApp.app */,
			);
			name = Products;
			sourceTree = "<group>";
		};
		DFEF1A492B6EB57D00A5A843 /* WeatherAssignmentApp */ = {
			isa = PBXGroup;
			children = (
				DFEF1A582B6EB58000A5A843 /* Info.plist */,
				DFEF1A532B6EB58000A5A843 /* Assets.xcassets */,
				DFEF1A5E2B6EBA9E00A5A843 /* Models */,
				DFEF1A5F2B6EBAA700A5A843 /* Views */,
				DFEF1A602B6EBAB100A5A843 /* Controllers */,
				DFEF1A672B6ED7A700A5A843 /* Extensions */,
				DFEF1A612B6EBACA00A5A843 /* App Lifecycle */,
			);
			path = WeatherAssignmentApp;
			sourceTree = "<group>";
		};
		DFEF1A5E2B6EBA9E00A5A843 /* Models */ = {
			isa = PBXGroup;
			children = (
				DFEF1A632B6EBB8C00A5A843 /* WeatherData.swift */,
				DFEF1A652B6EBBA600A5A843 /* WeatherService.swift */,
			);
			path = Models;
			sourceTree = "<group>";
		};
		DFEF1A5F2B6EBAA700A5A843 /* Views */ = {
			isa = PBXGroup;
			children = (
				DFEF1A682B6ED7D100A5A843 /* WeatherReusableView */,
				DFEF1A502B6EB57D00A5A843 /* Main.storyboard */,
				DFEF1A552B6EB58000A5A843 /* LaunchScreen.storyboard */,
			);
			path = Views;
			sourceTree = "<group>";
		};
		DFEF1A602B6EBAB100A5A843 /* Controllers */ = {
			isa = PBXGroup;
			children = (
				DFEF1A4E2B6EB57D00A5A843 /* WeatherViewController.swift */,
			);
			path = Controllers;
			sourceTree = "<group>";
		};
		DFEF1A612B6EBACA00A5A843 /* App Lifecycle */ = {
			isa = PBXGroup;
			children = (
				DFEF1A4A2B6EB57D00A5A843 /* AppDelegate.swift */,
				DFEF1A4C2B6EB57D00A5A843 /* SceneDelegate.swift */,
			);
			path = "App Lifecycle";
			sourceTree = "<group>";
		};
		DFEF1A672B6ED7A700A5A843 /* Extensions */ = {
			isa = PBXGroup;
			children = (
				DFEF1A6D2B6ED8C200A5A843 /* UIView+Extension.swift */,
				DF7A15042B6F01DF007D6C1A /* String+Extension.swift */,
			);
			path = Extensions;
			sourceTree = "<group>";
		};
		DFEF1A682B6ED7D100A5A843 /* WeatherReusableView */ = {
			isa = PBXGroup;
			children = (
				DFEF1A692B6ED7F400A5A843 /* WeatherReusableView.xib */,
				DFEF1A6B2B6ED82200A5A843 /* WeatherReusableView.swift */,
			);
			path = WeatherReusableView;
			sourceTree = "<group>";
		};
/* End PBXGroup section */

/* Begin PBXNativeTarget section */
		DFEF1A462B6EB57D00A5A843 /* WeatherAssignmentApp */ = {
			isa = PBXNativeTarget;
			buildConfigurationList = DFEF1A5B2B6EB58000A5A843 /* Build configuration list for PBXNativeTarget "WeatherAssignmentApp" */;
			buildPhases = (
				DFEF1A432B6EB57D00A5A843 /* Sources */,
				DFEF1A442B6EB57D00A5A843 /* Frameworks */,
				DFEF1A452B6EB57D00A5A843 /* Resources */,
			);
			buildRules = (
			);
			dependencies = (
			);
			name = WeatherAssignmentApp;
			productName = WeatherAssignmentApp;
			productReference = DFEF1A472B6EB57D00A5A843 /* WeatherAssignmentApp.app */;
			productType = "com.apple.product-type.application";
		};
/* End PBXNativeTarget section */

/* Begin PBXProject section */
		DFEF1A3F2B6EB57D00A5A843 /* Project object */ = {
			isa = PBXProject;
			attributes = {
				BuildIndependentTargetsInParallel = 1;
				LastSwiftUpdateCheck = 1400;
				LastUpgradeCheck = 1400;
				TargetAttributes = {
					DFEF1A462B6EB57D00A5A843 = {
						CreatedOnToolsVersion = 14.0.1;
					};
				};
			};
			buildConfigurationList = DFEF1A422B6EB57D00A5A843 /* Build configuration list for PBXProject "WeatherAssignmentApp" */;
			compatibilityVersion = "Xcode 14.0";
			developmentRegion = en;
			hasScannedForEncodings = 0;
			knownRegions = (
				en,
				Base,
			);
			mainGroup = DFEF1A3E2B6EB57D00A5A843;
			productRefGroup = DFEF1A482B6EB57D00A5A843 /* Products */;
			projectDirPath = "";
			projectRoot = "";
			targets = (
				DFEF1A462B6EB57D00A5A843 /* WeatherAssignmentApp */,
			);
		};
/* End PBXProject section */

/* Begin PBXResourcesBuildPhase section */
		DFEF1A452B6EB57D00A5A843 /* Resources */ = {
			isa = PBXResourcesBuildPhase;
			buildActionMask = 2147483647;
			files = (
				DFEF1A572B6EB58000A5A843 /* LaunchScreen.storyboard in Resources */,
				DFEF1A542B6EB58000A5A843 /* Assets.xcassets in Resources */,
				DFEF1A6A2B6ED7F400A5A843 /* WeatherReusableView.xib in Resources */,
				DFEF1A522B6EB57D00A5A843 /* Main.storyboard in Resources */,
			);
			runOnlyForDeploymentPostprocessing = 0;
		};
/* End PBXResourcesBuildPhase section */

/* Begin PBXSourcesBuildPhase section */
		DFEF1A432B6EB57D00A5A843 /* Sources */ = {
			isa = PBXSourcesBuildPhase;
			buildActionMask = 2147483647;
			files = (
				DF7A15052B6F01DF007D6C1A /* String+Extension.swift in Sources */,
				DFEF1A6C2B6ED82200A5A843 /* WeatherReusableView.swift in Sources */,
				DFEF1A6E2B6ED8C200A5A843 /* UIView+Extension.swift in Sources */,
				DFEF1A662B6EBBA600A5A843 /* WeatherService.swift in Sources */,
				DFEF1A4F2B6EB57D00A5A843 /* WeatherViewController.swift in Sources */,
				DFEF1A4B2B6EB57D00A5A843 /* AppDelegate.swift in Sources */,
				DFEF1A642B6EBB8C00A5A843 /* WeatherData.swift in Sources */,
				DFEF1A4D2B6EB57D00A5A843 /* SceneDelegate.swift in Sources */,
			);
			runOnlyForDeploymentPostprocessing = 0;
		};
/* End PBXSourcesBuildPhase section */

/* Begin PBXVariantGroup section */
		DFEF1A502B6EB57D00A5A843 /* Main.storyboard */ = {
			isa = PBXVariantGroup;
			children = (
				DFEF1A512B6EB57D00A5A843 /* Base */,
			);
			name = Main.storyboard;
			sourceTree = "<group>";
		};
		DFEF1A552B6EB58000A5A843 /* LaunchScreen.storyboard */ = {
			isa = PBXVariantGroup;
			children = (
				DFEF1A562B6EB58000A5A843 /* Base */,
			);
			name = LaunchScreen.storyboard;
			sourceTree = "<group>";
		};
/* End PBXVariantGroup section */

/* Begin XCBuildConfiguration section */
		DFEF1A592B6EB58000A5A843 /* Debug */ = {
			isa = XCBuildConfiguration;
			buildSettings = {
				ALWAYS_SEARCH_USER_PATHS = NO;
				CLANG_ANALYZER_NONNULL = YES;
				CLANG_ANALYZER_NUMBER_OBJECT_CONVERSION = YES_AGGRESSIVE;
				CLANG_CXX_LANGUAGE_STANDARD = "gnu++20";
				CLANG_ENABLE_MODULES = YES;
				CLANG_ENABLE_OBJC_ARC = YES;
				CLANG_ENABLE_OBJC_WEAK = YES;
				CLANG_WARN_BLOCK_CAPTURE_AUTORELEASING = YES;
				CLANG_WARN_BOOL_CONVERSION = YES;
				CLANG_WARN_COMMA = YES;
				CLANG_WARN_CONSTANT_CONVERSION = YES;
				CLANG_WARN_DEPRECATED_OBJC_IMPLEMENTATIONS = YES;
				CLANG_WARN_DIRECT_OBJC_ISA_USAGE = YES_ERROR;
				CLANG_WARN_DOCUMENTATION_COMMENTS = YES;
				CLANG_WARN_EMPTY_BODY = YES;
				CLANG_WARN_ENUM_CONVERSION = YES;
				CLANG_WARN_INFINITE_RECURSION = YES;
				CLANG_WARN_INT_CONVERSION = YES;
				CLANG_WARN_NON_LITERAL_NULL_CONVERSION = YES;
				CLANG_WARN_OBJC_IMPLICIT_RETAIN_SELF = YES;
				CLANG_WARN_OBJC_LITERAL_CONVERSION = YES;
				CLANG_WARN_OBJC_ROOT_CLASS = YES_ERROR;
				CLANG_WARN_QUOTED_INCLUDE_IN_FRAMEWORK_HEADER = YES;
				CLANG_WARN_RANGE_LOOP_ANALYSIS = YES;
				CLANG_WARN_STRICT_PROTOTYPES = YES;
				CLANG_WARN_SUSPICIOUS_MOVE = YES;
				CLANG_WARN_UNGUARDED_AVAILABILITY = YES_AGGRESSIVE;
				CLANG_WARN_UNREACHABLE_CODE = YES;
				CLANG_WARN__DUPLICATE_METHOD_MATCH = YES;
				COPY_PHASE_STRIP = NO;
				DEBUG_INFORMATION_FORMAT = dwarf;
				ENABLE_STRICT_OBJC_MSGSEND = YES;
				ENABLE_TESTABILITY = YES;
				GCC_C_LANGUAGE_STANDARD = gnu11;
				GCC_DYNAMIC_NO_PIC = NO;
				GCC_NO_COMMON_BLOCKS = YES;
				GCC_OPTIMIZATION_LEVEL = 0;
				GCC_PREPROCESSOR_DEFINITIONS = (
					"DEBUG=1",
					"$(inherited)",
				);
				GCC_WARN_64_TO_32_BIT_CONVERSION = YES;
				GCC_WARN_ABOUT_RETURN_TYPE = YES_ERROR;
				GCC_WARN_UNDECLARED_SELECTOR = YES;
				GCC_WARN_UNINITIALIZED_AUTOS = YES_AGGRESSIVE;
				GCC_WARN_UNUSED_FUNCTION = YES;
				GCC_WARN_UNUSED_VARIABLE = YES;
				IPHONEOS_DEPLOYMENT_TARGET = 16.0;
				MTL_ENABLE_DEBUG_INFO = INCLUDE_SOURCE;
				MTL_FAST_MATH = YES;
				ONLY_ACTIVE_ARCH = YES;
				SDKROOT = iphoneos;
				SWIFT_ACTIVE_COMPILATION_CONDITIONS = DEBUG;
				SWIFT_OPTIMIZATION_LEVEL = "-Onone";
			};
			name = Debug;
		};
		DFEF1A5A2B6EB58000A5A843 /* Release */ = {
			isa = XCBuildConfiguration;
			buildSettings = {
				ALWAYS_SEARCH_USER_PATHS = NO;
				CLANG_ANALYZER_NONNULL = YES;
				CLANG_ANALYZER_NUMBER_OBJECT_CONVERSION = YES_AGGRESSIVE;
				CLANG_CXX_LANGUAGE_STANDARD = "gnu++20";
				CLANG_ENABLE_MODULES = YES;
				CLANG_ENABLE_OBJC_ARC = YES;
				CLANG_ENABLE_OBJC_WEAK = YES;
				CLANG_WARN_BLOCK_CAPTURE_AUTORELEASING = YES;
				CLANG_WARN_BOOL_CONVERSION = YES;
				CLANG_WARN_COMMA = YES;
				CLANG_WARN_CONSTANT_CONVERSION = YES;
				CLANG_WARN_DEPRECATED_OBJC_IMPLEMENTATIONS = YES;
				CLANG_WARN_DIRECT_OBJC_ISA_USAGE = YES_ERROR;
				CLANG_WARN_DOCUMENTATION_COMMENTS = YES;
				CLANG_WARN_EMPTY_BODY = YES;
				CLANG_WARN_ENUM_CONVERSION = YES;
				CLANG_WARN_INFINITE_RECURSION = YES;
				CLANG_WARN_INT_CONVERSION = YES;
				CLANG_WARN_NON_LITERAL_NULL_CONVERSION = YES;
				CLANG_WARN_OBJC_IMPLICIT_RETAIN_SELF = YES;
				CLANG_WARN_OBJC_LITERAL_CONVERSION = YES;
				CLANG_WARN_OBJC_ROOT_CLASS = YES_ERROR;
				CLANG_WARN_QUOTED_INCLUDE_IN_FRAMEWORK_HEADER = YES;
				CLANG_WARN_RANGE_LOOP_ANALYSIS = YES;
				CLANG_WARN_STRICT_PROTOTYPES = YES;
				CLANG_WARN_SUSPICIOUS_MOVE = YES;
				CLANG_WARN_UNGUARDED_AVAILABILITY = YES_AGGRESSIVE;
				CLANG_WARN_UNREACHABLE_CODE = YES;
				CLANG_WARN__DUPLICATE_METHOD_MATCH = YES;
				COPY_PHASE_STRIP = NO;
				DEBUG_INFORMATION_FORMAT = "dwarf-with-dsym";
				ENABLE_NS_ASSERTIONS = NO;
				ENABLE_STRICT_OBJC_MSGSEND = YES;
				GCC_C_LANGUAGE_STANDARD = gnu11;
				GCC_NO_COMMON_BLOCKS = YES;
				GCC_WARN_64_TO_32_BIT_CONVERSION = YES;
				GCC_WARN_ABOUT_RETURN_TYPE = YES_ERROR;
				GCC_WARN_UNDECLARED_SELECTOR = YES;
				GCC_WARN_UNINITIALIZED_AUTOS = YES_AGGRESSIVE;
				GCC_WARN_UNUSED_FUNCTION = YES;
				GCC_WARN_UNUSED_VARIABLE = YES;
				IPHONEOS_DEPLOYMENT_TARGET = 16.0;
				MTL_ENABLE_DEBUG_INFO = NO;
				MTL_FAST_MATH = YES;
				SDKROOT = iphoneos;
				SWIFT_COMPILATION_MODE = wholemodule;
				SWIFT_OPTIMIZATION_LEVEL = "-O";
				VALIDATE_PRODUCT = YES;
			};
			name = Release;
		};
		DFEF1A5C2B6EB58000A5A843 /* Debug */ = {
			isa = XCBuildConfiguration;
			buildSettings = {
				ASSETCATALOG_COMPILER_APPICON_NAME = AppIcon;
				ASSETCATALOG_COMPILER_GLOBAL_ACCENT_COLOR_NAME = AccentColor;
				CODE_SIGN_STYLE = Automatic;
				CURRENT_PROJECT_VERSION = 1;
				DEVELOPMENT_TEAM = HW7MT37S39;
				GENERATE_INFOPLIST_FILE = YES;
				INFOPLIST_FILE = WeatherAssignmentApp/Info.plist;
				INFOPLIST_KEY_UIApplicationSupportsIndirectInputEvents = YES;
				INFOPLIST_KEY_UILaunchStoryboardName = LaunchScreen;
				INFOPLIST_KEY_UIMainStoryboardFile = Main;
				INFOPLIST_KEY_UISupportedInterfaceOrientations_iPad = "UIInterfaceOrientationPortrait UIInterfaceOrientationPortraitUpsideDown UIInterfaceOrientationLandscapeLeft UIInterfaceOrientationLandscapeRight";
				INFOPLIST_KEY_UISupportedInterfaceOrientations_iPhone = "UIInterfaceOrientationPortrait UIInterfaceOrientationLandscapeLeft UIInterfaceOrientationLandscapeRight";
				LD_RUNPATH_SEARCH_PATHS = (
					"$(inherited)",
					"@executable_path/Frameworks",
				);
				MARKETING_VERSION = 1.0;
				PRODUCT_BUNDLE_IDENTIFIER = com.torresandres.WeatherAssignmentApp;
				PRODUCT_NAME = "$(TARGET_NAME)";
				SWIFT_EMIT_LOC_STRINGS = YES;
				SWIFT_VERSION = 5.0;
				TARGETED_DEVICE_FAMILY = "1,2";
			};
			name = Debug;
		};
		DFEF1A5D2B6EB58000A5A843 /* Release */ = {
			isa = XCBuildConfiguration;
			buildSettings = {
				ASSETCATALOG_COMPILER_APPICON_NAME = AppIcon;
				ASSETCATALOG_COMPILER_GLOBAL_ACCENT_COLOR_NAME = AccentColor;
				CODE_SIGN_STYLE = Automatic;
				CURRENT_PROJECT_VERSION = 1;
				DEVELOPMENT_TEAM = HW7MT37S39;
				GENERATE_INFOPLIST_FILE = YES;
				INFOPLIST_FILE = WeatherAssignmentApp/Info.plist;
				INFOPLIST_KEY_UIApplicationSupportsIndirectInputEvents = YES;
				INFOPLIST_KEY_UILaunchStoryboardName = LaunchScreen;
				INFOPLIST_KEY_UIMainStoryboardFile = Main;
				INFOPLIST_KEY_UISupportedInterfaceOrientations_iPad = "UIInterfaceOrientationPortrait UIInterfaceOrientationPortraitUpsideDown UIInterfaceOrientationLandscapeLeft UIInterfaceOrientationLandscapeRight";
				INFOPLIST_KEY_UISupportedInterfaceOrientations_iPhone = "UIInterfaceOrientationPortrait UIInterfaceOrientationLandscapeLeft UIInterfaceOrientationLandscapeRight";
				LD_RUNPATH_SEARCH_PATHS = (
					"$(inherited)",
					"@executable_path/Frameworks",
				);
				MARKETING_VERSION = 1.0;
				PRODUCT_BUNDLE_IDENTIFIER = com.torresandres.WeatherAssignmentApp;
				PRODUCT_NAME = "$(TARGET_NAME)";
				SWIFT_EMIT_LOC_STRINGS = YES;
				SWIFT_VERSION = 5.0;
				TARGETED_DEVICE_FAMILY = "1,2";
			};
			name = Release;
		};
/* End XCBuildConfiguration section */

/* Begin XCConfigurationList section */
		DFEF1A422B6EB57D00A5A843 /* Build configuration list for PBXProject "WeatherAssignmentApp" */ = {
			isa = XCConfigurationList;
			buildConfigurations = (
				DFEF1A592B6EB58000A5A843 /* Debug */,
				DFEF1A5A2B6EB58000A5A843 /* Release */,
			);
			defaultConfigurationIsVisible = 0;
			defaultConfigurationName = Release;
		};
		DFEF1A5B2B6EB58000A5A843 /* Build configuration list for PBXNativeTarget "WeatherAssignmentApp" */ = {
			isa = XCConfigurationList;
			buildConfigurations = (
				DFEF1A5C2B6EB58000A5A843 /* Debug */,
				DFEF1A5D2B6EB58000A5A843 /* Release */,
			);
			defaultConfigurationIsVisible = 0;
			defaultConfigurationName = Release;
		};
/* End XCConfigurationList section */
	};
	rootObject = DFEF1A3F2B6EB57D00A5A843 /* Project object */;
}
